
Microsoft Visual Studio Solution File, Format Version 12.00
# Visual Studio Version 17
VisualStudioVersion = 17.11.35312.102
MinimumVisualStudioVersion = 10.0.40219.1
Project("{9A19103F-16F7-4668-BE54-9A1E7A4F7556}") = "PetAdopt.API", "src\PetAdopt.API\PetAdopt.API.csproj", "{7C0FF80D-0544-417D-A912-5CB73A03FD52}"
EndProject
Project("{2150E333-8FDC-42A3-9474-1A3956D46DE8}") = "src", "src", "{31A829F7-B9D5-4049-A823-1B52E4EB6E01}"
EndProject
Project("{9A19103F-16F7-4668-BE54-9A1E7A4F7556}") = "PetAdopt.Application", "src\PetAdopt.Application\PetAdopt.Application.csproj", "{552D3B8A-FF67-4A3E-A087-1686934E6942}"
EndProject
Project("{9A19103F-16F7-4668-BE54-9A1E7A4F7556}") = "PetAdopt.Domain", "src\PetAdopt.Domain\PetAdopt.Domain.csproj", "{04112FA1-23B4-464C-853E-2F2B610ACE9D}"
EndProject
Project("{9A19103F-16F7-4668-BE54-9A1E7A4F7556}") = "PetAdopt.Infrastructure", "src\PetAdopt.Infrastructure\PetAdopt.Infrastructure.csproj", "{8B6D046E-70E9-4D38-BB5B-673BCE4793B4}"
	ProjectSection(ProjectDependencies) = postProject
		{85FE00C4-C72D-4B77-848A-C40DBA93C4B6} = {85FE00C4-C72D-4B77-848A-C40DBA93C4B6}
	EndProjectSection
EndProject
Project("{E53339B2-1760-4266-BCC7-CA923CBCF16C}") = "docker-compose", "docker-compose.dcproj", "{61848687-46DA-41C8-8872-937B3A748F52}"
EndProject
Project("{9A19103F-16F7-4668-BE54-9A1E7A4F7556}") = "KafkaEventBus", "src\KafkaEventBus\KafkaEventBus.csproj", "{678C56FE-496B-4534-8E6E-29C4C8E61E5F}"
Project("{FAE04EC0-301F-11D3-BF4B-00C04F79EFBC}") = "CrossCutting", "src\CrossCutting\CrossCutting.csproj", "{85FE00C4-C72D-4B77-848A-C40DBA93C4B6}"
EndProject
Global
	GlobalSection(SolutionConfigurationPlatforms) = preSolution
		Debug|Any CPU = Debug|Any CPU
		Release|Any CPU = Release|Any CPU
	EndGlobalSection
	GlobalSection(ProjectConfigurationPlatforms) = postSolution
		{7C0FF80D-0544-417D-A912-5CB73A03FD52}.Debug|Any CPU.ActiveCfg = Debug|Any CPU
		{7C0FF80D-0544-417D-A912-5CB73A03FD52}.Debug|Any CPU.Build.0 = Debug|Any CPU
		{7C0FF80D-0544-417D-A912-5CB73A03FD52}.Release|Any CPU.ActiveCfg = Release|Any CPU
		{7C0FF80D-0544-417D-A912-5CB73A03FD52}.Release|Any CPU.Build.0 = Release|Any CPU
		{552D3B8A-FF67-4A3E-A087-1686934E6942}.Debug|Any CPU.ActiveCfg = Debug|Any CPU
		{552D3B8A-FF67-4A3E-A087-1686934E6942}.Debug|Any CPU.Build.0 = Debug|Any CPU
		{552D3B8A-FF67-4A3E-A087-1686934E6942}.Release|Any CPU.ActiveCfg = Release|Any CPU
		{552D3B8A-FF67-4A3E-A087-1686934E6942}.Release|Any CPU.Build.0 = Release|Any CPU
		{04112FA1-23B4-464C-853E-2F2B610ACE9D}.Debug|Any CPU.ActiveCfg = Debug|Any CPU
		{04112FA1-23B4-464C-853E-2F2B610ACE9D}.Debug|Any CPU.Build.0 = Debug|Any CPU
		{04112FA1-23B4-464C-853E-2F2B610ACE9D}.Release|Any CPU.ActiveCfg = Release|Any CPU
		{04112FA1-23B4-464C-853E-2F2B610ACE9D}.Release|Any CPU.Build.0 = Release|Any CPU
		{8B6D046E-70E9-4D38-BB5B-673BCE4793B4}.Debug|Any CPU.ActiveCfg = Debug|Any CPU
		{8B6D046E-70E9-4D38-BB5B-673BCE4793B4}.Debug|Any CPU.Build.0 = Debug|Any CPU
		{8B6D046E-70E9-4D38-BB5B-673BCE4793B4}.Release|Any CPU.ActiveCfg = Release|Any CPU
		{8B6D046E-70E9-4D38-BB5B-673BCE4793B4}.Release|Any CPU.Build.0 = Release|Any CPU
		{61848687-46DA-41C8-8872-937B3A748F52}.Debug|Any CPU.ActiveCfg = Debug|Any CPU
		{61848687-46DA-41C8-8872-937B3A748F52}.Debug|Any CPU.Build.0 = Debug|Any CPU
		{61848687-46DA-41C8-8872-937B3A748F52}.Release|Any CPU.ActiveCfg = Release|Any CPU
		{61848687-46DA-41C8-8872-937B3A748F52}.Release|Any CPU.Build.0 = Release|Any CPU
		{678C56FE-496B-4534-8E6E-29C4C8E61E5F}.Debug|Any CPU.ActiveCfg = Debug|Any CPU
		{678C56FE-496B-4534-8E6E-29C4C8E61E5F}.Debug|Any CPU.Build.0 = Debug|Any CPU
		{678C56FE-496B-4534-8E6E-29C4C8E61E5F}.Release|Any CPU.ActiveCfg = Release|Any CPU
		{678C56FE-496B-4534-8E6E-29C4C8E61E5F}.Release|Any CPU.Build.0 = Release|Any CPU
		{85FE00C4-C72D-4B77-848A-C40DBA93C4B6}.Debug|Any CPU.ActiveCfg = Debug|Any CPU
		{85FE00C4-C72D-4B77-848A-C40DBA93C4B6}.Debug|Any CPU.Build.0 = Debug|Any CPU
		{85FE00C4-C72D-4B77-848A-C40DBA93C4B6}.Release|Any CPU.ActiveCfg = Release|Any CPU
		{85FE00C4-C72D-4B77-848A-C40DBA93C4B6}.Release|Any CPU.Build.0 = Release|Any CPU
	EndGlobalSection
	GlobalSection(SolutionProperties) = preSolution
		HideSolutionNode = FALSE
	EndGlobalSection
	GlobalSection(NestedProjects) = preSolution
		{7C0FF80D-0544-417D-A912-5CB73A03FD52} = {31A829F7-B9D5-4049-A823-1B52E4EB6E01}
		{552D3B8A-FF67-4A3E-A087-1686934E6942} = {31A829F7-B9D5-4049-A823-1B52E4EB6E01}
		{04112FA1-23B4-464C-853E-2F2B610ACE9D} = {31A829F7-B9D5-4049-A823-1B52E4EB6E01}
		{8B6D046E-70E9-4D38-BB5B-673BCE4793B4} = {31A829F7-B9D5-4049-A823-1B52E4EB6E01}
		{678C56FE-496B-4534-8E6E-29C4C8E61E5F} = {31A829F7-B9D5-4049-A823-1B52E4EB6E01}
		{85FE00C4-C72D-4B77-848A-C40DBA93C4B6} = {31A829F7-B9D5-4049-A823-1B52E4EB6E01}
	EndGlobalSection
	GlobalSection(ExtensibilityGlobals) = postSolution
		SolutionGuid = {6661ED69-D779-47C4-9718-F48E3B6A9B95}
	EndGlobalSection
EndGlobal
